
Microsoft Visual Studio Solution File, Format Version 12.00
# Visual Studio Version 16
VisualStudioVersion = 16.0.29411.108
MinimumVisualStudioVersion = 10.0.40219.1
Project("{8BC9CEB8-8B4A-11D0-8D11-00A0C91BC942}") = "observer", "observer.vcxproj", "{06A03865-7E6C-4804-86E1-8E13A82B0C32}"
EndProject
Project("{8BC9CEB8-8B4A-11D0-8D11-00A0C91BC942}") = "chain_subjects", "chain_subjects.vcxproj", "{CA073B63-C0E9-4D9F-A796-D40B783B053F}"
EndProject
Project("{8BC9CEB8-8B4A-11D0-8D11-00A0C91BC942}") = "connect_function_objects", "connect_function_objects.vcxproj", "{0FEBA0AE-205A-4094-9888-545F79EFD04F}"
EndProject
Project("{8BC9CEB8-8B4A-11D0-8D11-00A0C91BC942}") = "connect_member_function", "connect_member_function.vcxproj", "{C5D017B5-9AD8-46D6-A3C5-19C7E4E5F4CC}"
EndProject
Project("{8BC9CEB8-8B4A-11D0-8D11-00A0C91BC942}") = "disconnect_from_connection_owner", "disconnect_from_connection_owner.vcxproj", "{57057C0D-6277-49FE-A0F6-78E898F238C5}"
EndProject
Project("{8BC9CEB8-8B4A-11D0-8D11-00A0C91BC942}") = "hello_world", "hello_world.vcxproj", "{196CD1D1-4B1F-427A-8712-99FEEC82D310}"
EndProject
Project("{8BC9CEB8-8B4A-11D0-8D11-00A0C91BC942}") = "inherit_from_owner", "inherit_from_owner.vcxproj", "{34B17083-0A9F-4950-9745-A5FB82B5C8F1}"
EndProject
Project("{8BC9CEB8-8B4A-11D0-8D11-00A0C91BC942}") = "subject_blocker", "subject_blocker.vcxproj", "{0E0D922F-87D0-42F6-8266-C63A4D5B8D40}"
EndProject
Project("{8BC9CEB8-8B4A-11D0-8D11-00A0C91BC942}") = "variable_argument_count", "variable_argument_count.vcxproj", "{CAE2B2FF-FFC7-4CDF-95D5-E90B52C30952}"
EndProject
Project("{8BC9CEB8-8B4A-11D0-8D11-00A0C91BC942}") = "tests", "tests.vcxproj", "{83CB54E0-2E3B-43F9-A1D0-FF8CD0AC50BE}"
EndProject
Project("{2150E333-8FDC-42A3-9474-1A3956D46DE8}") = "examples", "examples", "{21872FB9-E886-4098-BC9C-62ABC9C3CEB0}"
EndProject
Project("{8BC9CEB8-8B4A-11D0-8D11-00A0C91BC942}") = "benchmark", "benchmark.vcxproj", "{933638EE-696B-41C9-BA51-7D72D236D3CE}"
EndProject
Global
	GlobalSection(SolutionConfigurationPlatforms) = preSolution
		Debug|x64 = Debug|x64
		Debug|x86 = Debug|x86
		Release|x64 = Release|x64
		Release|x86 = Release|x86
	EndGlobalSection
	GlobalSection(ProjectConfigurationPlatforms) = postSolution
		{06A03865-7E6C-4804-86E1-8E13A82B0C32}.Debug|x64.ActiveCfg = Debug|x64
		{06A03865-7E6C-4804-86E1-8E13A82B0C32}.Debug|x64.Build.0 = Debug|x64
		{06A03865-7E6C-4804-86E1-8E13A82B0C32}.Debug|x86.ActiveCfg = Debug|Win32
		{06A03865-7E6C-4804-86E1-8E13A82B0C32}.Debug|x86.Build.0 = Debug|Win32
		{06A03865-7E6C-4804-86E1-8E13A82B0C32}.Release|x64.ActiveCfg = Release|x64
		{06A03865-7E6C-4804-86E1-8E13A82B0C32}.Release|x64.Build.0 = Release|x64
		{06A03865-7E6C-4804-86E1-8E13A82B0C32}.Release|x86.ActiveCfg = Release|Win32
		{06A03865-7E6C-4804-86E1-8E13A82B0C32}.Release|x86.Build.0 = Release|Win32
		{CA073B63-C0E9-4D9F-A796-D40B783B053F}.Debug|x64.ActiveCfg = Debug|x64
		{CA073B63-C0E9-4D9F-A796-D40B783B053F}.Debug|x64.Build.0 = Debug|x64
		{CA073B63-C0E9-4D9F-A796-D40B783B053F}.Debug|x86.ActiveCfg = Debug|Win32
		{CA073B63-C0E9-4D9F-A796-D40B783B053F}.Debug|x86.Build.0 = Debug|Win32
		{CA073B63-C0E9-4D9F-A796-D40B783B053F}.Release|x64.ActiveCfg = Release|x64
		{CA073B63-C0E9-4D9F-A796-D40B783B053F}.Release|x64.Build.0 = Release|x64
		{CA073B63-C0E9-4D9F-A796-D40B783B053F}.Release|x86.ActiveCfg = Release|Win32
		{CA073B63-C0E9-4D9F-A796-D40B783B053F}.Release|x86.Build.0 = Release|Win32
		{0FEBA0AE-205A-4094-9888-545F79EFD04F}.Debug|x64.ActiveCfg = Debug|x64
		{0FEBA0AE-205A-4094-9888-545F79EFD04F}.Debug|x64.Build.0 = Debug|x64
		{0FEBA0AE-205A-4094-9888-545F79EFD04F}.Debug|x86.ActiveCfg = Debug|Win32
		{0FEBA0AE-205A-4094-9888-545F79EFD04F}.Debug|x86.Build.0 = Debug|Win32
		{0FEBA0AE-205A-4094-9888-545F79EFD04F}.Release|x64.ActiveCfg = Release|x64
		{0FEBA0AE-205A-4094-9888-545F79EFD04F}.Release|x64.Build.0 = Release|x64
		{0FEBA0AE-205A-4094-9888-545F79EFD04F}.Release|x86.ActiveCfg = Release|Win32
		{0FEBA0AE-205A-4094-9888-545F79EFD04F}.Release|x86.Build.0 = Release|Win32
		{C5D017B5-9AD8-46D6-A3C5-19C7E4E5F4CC}.Debug|x64.ActiveCfg = Debug|x64
		{C5D017B5-9AD8-46D6-A3C5-19C7E4E5F4CC}.Debug|x64.Build.0 = Debug|x64
		{C5D017B5-9AD8-46D6-A3C5-19C7E4E5F4CC}.Debug|x86.ActiveCfg = Debug|Win32
		{C5D017B5-9AD8-46D6-A3C5-19C7E4E5F4CC}.Debug|x86.Build.0 = Debug|Win32
		{C5D017B5-9AD8-46D6-A3C5-19C7E4E5F4CC}.Release|x64.ActiveCfg = Release|x64
		{C5D017B5-9AD8-46D6-A3C5-19C7E4E5F4CC}.Release|x64.Build.0 = Release|x64
		{C5D017B5-9AD8-46D6-A3C5-19C7E4E5F4CC}.Release|x86.ActiveCfg = Release|Win32
		{C5D017B5-9AD8-46D6-A3C5-19C7E4E5F4CC}.Release|x86.Build.0 = Release|Win32
		{57057C0D-6277-49FE-A0F6-78E898F238C5}.Debug|x64.ActiveCfg = Debug|x64
		{57057C0D-6277-49FE-A0F6-78E898F238C5}.Debug|x64.Build.0 = Debug|x64
		{57057C0D-6277-49FE-A0F6-78E898F238C5}.Debug|x86.ActiveCfg = Debug|Win32
		{57057C0D-6277-49FE-A0F6-78E898F238C5}.Debug|x86.Build.0 = Debug|Win32
		{57057C0D-6277-49FE-A0F6-78E898F238C5}.Release|x64.ActiveCfg = Release|x64
		{57057C0D-6277-49FE-A0F6-78E898F238C5}.Release|x64.Build.0 = Release|x64
		{57057C0D-6277-49FE-A0F6-78E898F238C5}.Release|x86.ActiveCfg = Release|Win32
		{57057C0D-6277-49FE-A0F6-78E898F238C5}.Release|x86.Build.0 = Release|Win32
		{196CD1D1-4B1F-427A-8712-99FEEC82D310}.Debug|x64.ActiveCfg = Debug|x64
		{196CD1D1-4B1F-427A-8712-99FEEC82D310}.Debug|x64.Build.0 = Debug|x64
		{196CD1D1-4B1F-427A-8712-99FEEC82D310}.Debug|x86.ActiveCfg = Debug|Win32
		{196CD1D1-4B1F-427A-8712-99FEEC82D310}.Debug|x86.Build.0 = Debug|Win32
		{196CD1D1-4B1F-427A-8712-99FEEC82D310}.Release|x64.ActiveCfg = Release|x64
		{196CD1D1-4B1F-427A-8712-99FEEC82D310}.Release|x64.Build.0 = Release|x64
		{196CD1D1-4B1F-427A-8712-99FEEC82D310}.Release|x86.ActiveCfg = Release|Win32
		{196CD1D1-4B1F-427A-8712-99FEEC82D310}.Release|x86.Build.0 = Release|Win32
		{34B17083-0A9F-4950-9745-A5FB82B5C8F1}.Debug|x64.ActiveCfg = Debug|x64
		{34B17083-0A9F-4950-9745-A5FB82B5C8F1}.Debug|x64.Build.0 = Debug|x64
		{34B17083-0A9F-4950-9745-A5FB82B5C8F1}.Debug|x86.ActiveCfg = Debug|Win32
		{34B17083-0A9F-4950-9745-A5FB82B5C8F1}.Debug|x86.Build.0 = Debug|Win32
		{34B17083-0A9F-4950-9745-A5FB82B5C8F1}.Release|x64.ActiveCfg = Release|x64
		{34B17083-0A9F-4950-9745-A5FB82B5C8F1}.Release|x64.Build.0 = Release|x64
		{34B17083-0A9F-4950-9745-A5FB82B5C8F1}.Release|x86.ActiveCfg = Release|Win32
		{34B17083-0A9F-4950-9745-A5FB82B5C8F1}.Release|x86.Build.0 = Release|Win32
		{0E0D922F-87D0-42F6-8266-C63A4D5B8D40}.Debug|x64.ActiveCfg = Debug|x64
		{0E0D922F-87D0-42F6-8266-C63A4D5B8D40}.Debug|x64.Build.0 = Debug|x64
		{0E0D922F-87D0-42F6-8266-C63A4D5B8D40}.Debug|x86.ActiveCfg = Debug|Win32
		{0E0D922F-87D0-42F6-8266-C63A4D5B8D40}.Debug|x86.Build.0 = Debug|Win32
		{0E0D922F-87D0-42F6-8266-C63A4D5B8D40}.Release|x64.ActiveCfg = Release|x64
		{0E0D922F-87D0-42F6-8266-C63A4D5B8D40}.Release|x64.Build.0 = Release|x64
		{0E0D922F-87D0-42F6-8266-C63A4D5B8D40}.Release|x86.ActiveCfg = Release|Win32
		{0E0D922F-87D0-42F6-8266-C63A4D5B8D40}.Release|x86.Build.0 = Release|Win32
		{CAE2B2FF-FFC7-4CDF-95D5-E90B52C30952}.Debug|x64.ActiveCfg = Debug|x64
		{CAE2B2FF-FFC7-4CDF-95D5-E90B52C30952}.Debug|x64.Build.0 = Debug|x64
		{CAE2B2FF-FFC7-4CDF-95D5-E90B52C30952}.Debug|x86.ActiveCfg = Debug|Win32
		{CAE2B2FF-FFC7-4CDF-95D5-E90B52C30952}.Debug|x86.Build.0 = Debug|Win32
		{CAE2B2FF-FFC7-4CDF-95D5-E90B52C30952}.Release|x64.ActiveCfg = Release|x64
		{CAE2B2FF-FFC7-4CDF-95D5-E90B52C30952}.Release|x64.Build.0 = Release|x64
		{CAE2B2FF-FFC7-4CDF-95D5-E90B52C30952}.Release|x86.ActiveCfg = Release|Win32
		{CAE2B2FF-FFC7-4CDF-95D5-E90B52C30952}.Release|x86.Build.0 = Release|Win32
		{83CB54E0-2E3B-43F9-A1D0-FF8CD0AC50BE}.Debug|x64.ActiveCfg = Debug|x64
		{83CB54E0-2E3B-43F9-A1D0-FF8CD0AC50BE}.Debug|x64.Build.0 = Debug|x64
		{83CB54E0-2E3B-43F9-A1D0-FF8CD0AC50BE}.Debug|x86.ActiveCfg = Debug|Win32
		{83CB54E0-2E3B-43F9-A1D0-FF8CD0AC50BE}.Debug|x86.Build.0 = Debug|Win32
		{83CB54E0-2E3B-43F9-A1D0-FF8CD0AC50BE}.Release|x64.ActiveCfg = Release|x64
		{83CB54E0-2E3B-43F9-A1D0-FF8CD0AC50BE}.Release|x64.Build.0 = Release|x64
		{83CB54E0-2E3B-43F9-A1D0-FF8CD0AC50BE}.Release|x86.ActiveCfg = Release|Win32
		{83CB54E0-2E3B-43F9-A1D0-FF8CD0AC50BE}.Release|x86.Build.0 = Release|Win32
		{933638EE-696B-41C9-BA51-7D72D236D3CE}.Debug|x64.ActiveCfg = Debug|x64
		{933638EE-696B-41C9-BA51-7D72D236D3CE}.Debug|x64.Build.0 = Debug|x64
		{933638EE-696B-41C9-BA51-7D72D236D3CE}.Debug|x86.ActiveCfg = Debug|Win32
		{933638EE-696B-41C9-BA51-7D72D236D3CE}.Debug|x86.Build.0 = Debug|Win32
		{933638EE-696B-41C9-BA51-7D72D236D3CE}.Release|x64.ActiveCfg = Release|x64
		{933638EE-696B-41C9-BA51-7D72D236D3CE}.Release|x64.Build.0 = Release|x64
		{933638EE-696B-41C9-BA51-7D72D236D3CE}.Release|x86.ActiveCfg = Release|Win32
		{933638EE-696B-41C9-BA51-7D72D236D3CE}.Release|x86.Build.0 = Release|Win32
	EndGlobalSection
	GlobalSection(SolutionProperties) = preSolution
		HideSolutionNode = FALSE
	EndGlobalSection
	GlobalSection(NestedProjects) = preSolution
		{CA073B63-C0E9-4D9F-A796-D40B783B053F} = {21872FB9-E886-4098-BC9C-62ABC9C3CEB0}
		{0FEBA0AE-205A-4094-9888-545F79EFD04F} = {21872FB9-E886-4098-BC9C-62ABC9C3CEB0}
		{C5D017B5-9AD8-46D6-A3C5-19C7E4E5F4CC} = {21872FB9-E886-4098-BC9C-62ABC9C3CEB0}
		{57057C0D-6277-49FE-A0F6-78E898F238C5} = {21872FB9-E886-4098-BC9C-62ABC9C3CEB0}
		{196CD1D1-4B1F-427A-8712-99FEEC82D310} = {21872FB9-E886-4098-BC9C-62ABC9C3CEB0}
		{34B17083-0A9F-4950-9745-A5FB82B5C8F1} = {21872FB9-E886-4098-BC9C-62ABC9C3CEB0}
		{0E0D922F-87D0-42F6-8266-C63A4D5B8D40} = {21872FB9-E886-4098-BC9C-62ABC9C3CEB0}
		{CAE2B2FF-FFC7-4CDF-95D5-E90B52C30952} = {21872FB9-E886-4098-BC9C-62ABC9C3CEB0}
	EndGlobalSection
	GlobalSection(ExtensibilityGlobals) = postSolution
		SolutionGuid = {65445BF5-868B-4A73-A151-242A04EDA6ED}
	EndGlobalSection
EndGlobal
